
Microsoft Visual Studio Solution File, Format Version 12.00
# Visual Studio Version 17
VisualStudioVersion = 17.0.31903.59
MinimumVisualStudioVersion = 10.0.40219.1
Project("{FAE04EC0-301F-11D3-BF4B-00C04F79EFBC}") = "LinkShortener.Auth", "LinkShortener.Auth\LinkShortener.Auth.csproj", "{79A8D30B-B142-42DE-AE0A-4167C048EB13}"
EndProject
Project("{FAE04EC0-301F-11D3-BF4B-00C04F79EFBC}") = "LinkShortener.Domain", "LinkShortener.Domain\LinkShortener.Domain.csproj", "{B885308D-3274-4562-9675-EBF23E0D7370}"
EndProject
Project("{FAE04EC0-301F-11D3-BF4B-00C04F79EFBC}") = "LinkShortener.DAL", "LinkShortener.DAL\LinkShortener.DAL.csproj", "{FEACF8D0-FDB0-4AA0-AF71-A34600F554BF}"
EndProject
Project("{FAE04EC0-301F-11D3-BF4B-00C04F79EFBC}") = "LinkShortener", "LinkShortener\LinkShortener.csproj", "{06266B19-2E92-4C4D-BB63-7E93C67EA471}"
EndProject
Global
	GlobalSection(SolutionConfigurationPlatforms) = preSolution
		Debug|Any CPU = Debug|Any CPU
		Release|Any CPU = Release|Any CPU
	EndGlobalSection
	GlobalSection(SolutionProperties) = preSolution
		HideSolutionNode = FALSE
	EndGlobalSection
	GlobalSection(ProjectConfigurationPlatforms) = postSolution
		{79A8D30B-B142-42DE-AE0A-4167C048EB13}.Debug|Any CPU.ActiveCfg = Debug|Any CPU
		{79A8D30B-B142-42DE-AE0A-4167C048EB13}.Debug|Any CPU.Build.0 = Debug|Any CPU
		{79A8D30B-B142-42DE-AE0A-4167C048EB13}.Release|Any CPU.ActiveCfg = Release|Any CPU
		{79A8D30B-B142-42DE-AE0A-4167C048EB13}.Release|Any CPU.Build.0 = Release|Any CPU
		{B885308D-3274-4562-9675-EBF23E0D7370}.Debug|Any CPU.ActiveCfg = Debug|Any CPU
		{B885308D-3274-4562-9675-EBF23E0D7370}.Debug|Any CPU.Build.0 = Debug|Any CPU
		{B885308D-3274-4562-9675-EBF23E0D7370}.Release|Any CPU.ActiveCfg = Release|Any CPU
		{B885308D-3274-4562-9675-EBF23E0D7370}.Release|Any CPU.Build.0 = Release|Any CPU
		{FEACF8D0-FDB0-4AA0-AF71-A34600F554BF}.Debug|Any CPU.ActiveCfg = Debug|Any CPU
		{FEACF8D0-FDB0-4AA0-AF71-A34600F554BF}.Debug|Any CPU.Build.0 = Debug|Any CPU
		{FEACF8D0-FDB0-4AA0-AF71-A34600F554BF}.Release|Any CPU.ActiveCfg = Release|Any CPU
		{FEACF8D0-FDB0-4AA0-AF71-A34600F554BF}.Release|Any CPU.Build.0 = Release|Any CPU
		{06266B19-2E92-4C4D-BB63-7E93C67EA471}.Debug|Any CPU.ActiveCfg = Debug|Any CPU
		{06266B19-2E92-4C4D-BB63-7E93C67EA471}.Debug|Any CPU.Build.0 = Debug|Any CPU
		{06266B19-2E92-4C4D-BB63-7E93C67EA471}.Release|Any CPU.ActiveCfg = Release|Any CPU
		{06266B19-2E92-4C4D-BB63-7E93C67EA471}.Release|Any CPU.Build.0 = Release|Any CPU
	EndGlobalSection
EndGlobal
